// !$*UTF8*$!
{
	archiveVersion = 1;
	classes = {
	};
	objectVersion = 50;
	objects = {

/* Begin PBXBuildFile section */
		6159AB8C281CDA7500E745CE /* AppDelegate.swift in Sources */ = {isa = PBXBuildFile; fileRef = 6159AB8B281CDA7500E745CE /* AppDelegate.swift */; };
		6159AB8E281CDA7500E745CE /* SceneDelegate.swift in Sources */ = {isa = PBXBuildFile; fileRef = 6159AB8D281CDA7500E745CE /* SceneDelegate.swift */; };
		6159AB90281CDA7500E745CE /* ViewController.swift in Sources */ = {isa = PBXBuildFile; fileRef = 6159AB8F281CDA7500E745CE /* ViewController.swift */; };
		6159AB93281CDA7500E745CE /* Main.storyboard in Resources */ = {isa = PBXBuildFile; fileRef = 6159AB91281CDA7500E745CE /* Main.storyboard */; };
		6159AB96281CDA7500E745CE /* Menu_App.xcdatamodeld in Sources */ = {isa = PBXBuildFile; fileRef = 6159AB94281CDA7500E745CE /* Menu_App.xcdatamodeld */; };
		6159AB98281CDA7700E745CE /* Assets.xcassets in Resources */ = {isa = PBXBuildFile; fileRef = 6159AB97281CDA7700E745CE /* Assets.xcassets */; };
		6159AB9B281CDA7700E745CE /* LaunchScreen.storyboard in Resources */ = {isa = PBXBuildFile; fileRef = 6159AB99281CDA7700E745CE /* LaunchScreen.storyboard */; };
/* End PBXBuildFile section */

/* Begin PBXFileReference section */
		6159AB88281CDA7500E745CE /* Menu App.app */ = {isa = PBXFileReference; explicitFileType = wrapper.application; includeInIndex = 0; path = "Menu App.app"; sourceTree = BUILT_PRODUCTS_DIR; };
		6159AB8B281CDA7500E745CE /* AppDelegate.swift */ = {isa = PBXFileReference; lastKnownFileType = sourcecode.swift; path = AppDelegate.swift; sourceTree = "<group>"; };
		6159AB8D281CDA7500E745CE /* SceneDelegate.swift */ = {isa = PBXFileReference; lastKnownFileType = sourcecode.swift; path = SceneDelegate.swift; sourceTree = "<group>"; };
		6159AB8F281CDA7500E745CE /* ViewController.swift */ = {isa = PBXFileReference; lastKnownFileType = sourcecode.swift; path = ViewController.swift; sourceTree = "<group>"; };
		6159AB92281CDA7500E745CE /* Base */ = {isa = PBXFileReference; lastKnownFileType = file.storyboard; name = Base; path = Base.lproj/Main.storyboard; sourceTree = "<group>"; };
		6159AB95281CDA7500E745CE /* Menu_App.xcdatamodel */ = {isa = PBXFileReference; lastKnownFileType = wrapper.xcdatamodel; path = Menu_App.xcdatamodel; sourceTree = "<group>"; };
		6159AB97281CDA7700E745CE /* Assets.xcassets */ = {isa = PBXFileReference; lastKnownFileType = folder.assetcatalog; path = Assets.xcassets; sourceTree = "<group>"; };
		6159AB9A281CDA7700E745CE /* Base */ = {isa = PBXFileReference; lastKnownFileType = file.storyboard; name = Base; path = Base.lproj/LaunchScreen.storyboard; sourceTree = "<group>"; };
		6159AB9C281CDA7700E745CE /* Info.plist */ = {isa = PBXFileReference; lastKnownFileType = text.plist.xml; path = Info.plist; sourceTree = "<group>"; };
/* End PBXFileReference section */

/* Begin PBXFrameworksBuildPhase section */
		6159AB85281CDA7500E745CE /* Frameworks */ = {
			isa = PBXFrameworksBuildPhase;
			buildActionMask = 2147483647;
			files = (
			);
			runOnlyForDeploymentPostprocessing = 0;
		};
/* End PBXFrameworksBuildPhase section */

/* Begin PBXGroup section */
		6159AB7F281CDA7500E745CE = {
			isa = PBXGroup;
			children = (
				6159AB8A281CDA7500E745CE /* Menu App */,
				6159AB89281CDA7500E745CE /* Products */,
			);
			sourceTree = "<group>";
		};
		6159AB89281CDA7500E745CE /* Products */ = {
			isa = PBXGroup;
			children = (
				6159AB88281CDA7500E745CE /* Menu App.app */,
			);
			name = Products;
			sourceTree = "<group>";
		};
		6159AB8A281CDA7500E745CE /* Menu App */ = {
			isa = PBXGroup;
			children = (
				6159AB8B281CDA7500E745CE /* AppDelegate.swift */,
				6159AB8D281CDA7500E745CE /* SceneDelegate.swift */,
				6159AB8F281CDA7500E745CE /* ViewController.swift */,
				6159AB91281CDA7500E745CE /* Main.storyboard */,
				6159AB97281CDA7700E745CE /* Assets.xcassets */,
				6159AB99281CDA7700E745CE /* LaunchScreen.storyboard */,
				6159AB9C281CDA7700E745CE /* Info.plist */,
				6159AB94281CDA7500E745CE /* Menu_App.xcdatamodeld */,
			);
			path = "Menu App";
			sourceTree = "<group>";
		};
/* End PBXGroup section */

/* Begin PBXNativeTarget section */
		6159AB87281CDA7500E745CE /* Menu App */ = {
			isa = PBXNativeTarget;
			buildConfigurationList = 6159AB9F281CDA7700E745CE /* Build configuration list for PBXNativeTarget "Menu App" */;
			buildPhases = (
				6159AB84281CDA7500E745CE /* Sources */,
				6159AB85281CDA7500E745CE /* Frameworks */,
				6159AB86281CDA7500E745CE /* Resources */,
			);
			buildRules = (
			);
			dependencies = (
			);
			name = "Menu App";
			productName = "Menu App";
			productReference = 6159AB88281CDA7500E745CE /* Menu App.app */;
			productType = "com.apple.product-type.application";
		};
/* End PBXNativeTarget section */

/* Begin PBXProject section */
		6159AB80281CDA7500E745CE /* Project object */ = {
			isa = PBXProject;
			attributes = {
				LastSwiftUpdateCheck = 1250;
				LastUpgradeCheck = 1250;
				TargetAttributes = {
					6159AB87281CDA7500E745CE = {
						CreatedOnToolsVersion = 12.5.1;
					};
				};
			};
			buildConfigurationList = 6159AB83281CDA7500E745CE /* Build configuration list for PBXProject "Menu App" */;
			compatibilityVersion = "Xcode 9.3";
			developmentRegion = en;
			hasScannedForEncodings = 0;
			knownRegions = (
				en,
				Base,
			);
			mainGroup = 6159AB7F281CDA7500E745CE;
			productRefGroup = 6159AB89281CDA7500E745CE /* Products */;
			projectDirPath = "";
			projectRoot = "";
			targets = (
				6159AB87281CDA7500E745CE /* Menu App */,
			);
		};
/* End PBXProject section */

/* Begin PBXResourcesBuildPhase section */
		6159AB86281CDA7500E745CE /* Resources */ = {
			isa = PBXResourcesBuildPhase;
			buildActionMask = 2147483647;
			files = (
				6159AB9B281CDA7700E745CE /* LaunchScreen.storyboard in Resources */,
				6159AB98281CDA7700E745CE /* Assets.xcassets in Resources */,
				6159AB93281CDA7500E745CE /* Main.storyboard in Resources */,
			);
			runOnlyForDeploymentPostprocessing = 0;
		};
/* End PBXResourcesBuildPhase section */

/* Begin PBXSourcesBuildPhase section */
		6159AB84281CDA7500E745CE /* Sources */ = {
			isa = PBXSourcesBuildPhase;
			buildActionMask = 2147483647;
			files = (
				6159AB90281CDA7500E745CE /* ViewController.swift in Sources */,
				6159AB8C281CDA7500E745CE /* AppDelegate.swift in Sources */,
				6159AB96281CDA7500E745CE /* Menu_App.xcdatamodeld in Sources */,
				6159AB8E281CDA7500E745CE /* SceneDelegate.swift in Sources */,
			);
			runOnlyForDeploymentPostprocessing = 0;
		};
/* End PBXSourcesBuildPhase section */

/* Begin PBXVariantGroup section */
		6159AB91281CDA7500E745CE /* Main.storyboard */ = {
			isa = PBXVariantGroup;
			children = (
				6159AB92281CDA7500E745CE /* Base */,
			);
			name = Main.storyboard;
			sourceTree = "<group>";
		};
		6159AB99281CDA7700E745CE /* LaunchScreen.storyboard */ = {
			isa = PBXVariantGroup;
			children = (
				6159AB9A281CDA7700E745CE /* Base */,
			);
			name = LaunchScreen.storyboard;
			sourceTree = "<group>";
		};
/* End PBXVariantGroup section */

/* Begin XCBuildConfiguration section */
		6159AB9D281CDA7700E745CE /* Debug */ = {
			isa = XCBuildConfiguration;
			buildSettings = {
				ALWAYS_SEARCH_USER_PATHS = NO;
				CLANG_ANALYZER_NONNULL = YES;
				CLANG_ANALYZER_NUMBER_OBJECT_CONVERSION = YES_AGGRESSIVE;
				CLANG_CXX_LANGUAGE_STANDARD = "gnu++14";
				CLANG_CXX_LIBRARY = "libc++";
				CLANG_ENABLE_MODULES = YES;
				CLANG_ENABLE_OBJC_ARC = YES;
				CLANG_ENABLE_OBJC_WEAK = YES;
				CLANG_WARN_BLOCK_CAPTURE_AUTORELEASING = YES;
				CLANG_WARN_BOOL_CONVERSION = YES;
				CLANG_WARN_COMMA = YES;
				CLANG_WARN_CONSTANT_CONVERSION = YES;
				CLANG_WARN_DEPRECATED_OBJC_IMPLEMENTATIONS = YES;
				CLANG_WARN_DIRECT_OBJC_ISA_USAGE = YES_ERROR;
				CLANG_WARN_DOCUMENTATION_COMMENTS = YES;
				CLANG_WARN_EMPTY_BODY = YES;
				CLANG_WARN_ENUM_CONVERSION = YES;
				CLANG_WARN_INFINITE_RECURSION = YES;
				CLANG_WARN_INT_CONVERSION = YES;
				CLANG_WARN_NON_LITERAL_NULL_CONVERSION = YES;
				CLANG_WARN_OBJC_IMPLICIT_RETAIN_SELF = YES;
				CLANG_WARN_OBJC_LITERAL_CONVERSION = YES;
				CLANG_WARN_OBJC_ROOT_CLASS = YES_ERROR;
				CLANG_WARN_QUOTED_INCLUDE_IN_FRAMEWORK_HEADER = YES;
				CLANG_WARN_RANGE_LOOP_ANALYSIS = YES;
				CLANG_WARN_STRICT_PROTOTYPES = YES;
				CLANG_WARN_SUSPICIOUS_MOVE = YES;
				CLANG_WARN_UNGUARDED_AVAILABILITY = YES_AGGRESSIVE;
				CLANG_WARN_UNREACHABLE_CODE = YES;
				CLANG_WARN__DUPLICATE_METHOD_MATCH = YES;
				COPY_PHASE_STRIP = NO;
				DEBUG_INFORMATION_FORMAT = dwarf;
				ENABLE_STRICT_OBJC_MSGSEND = YES;
				ENABLE_TESTABILITY = YES;
				GCC_C_LANGUAGE_STANDARD = gnu11;
				GCC_DYNAMIC_NO_PIC = NO;
				GCC_NO_COMMON_BLOCKS = YES;
				GCC_OPTIMIZATION_LEVEL = 0;
				GCC_PREPROCESSOR_DEFINITIONS = (
					"DEBUG=1",
					"$(inherited)",
				);
				GCC_WARN_64_TO_32_BIT_CONVERSION = YES;
				GCC_WARN_ABOUT_RETURN_TYPE = YES_ERROR;
				GCC_WARN_UNDECLARED_SELECTOR = YES;
				GCC_WARN_UNINITIALIZED_AUTOS = YES_AGGRESSIVE;
				GCC_WARN_UNUSED_FUNCTION = YES;
				GCC_WARN_UNUSED_VARIABLE = YES;
				IPHONEOS_DEPLOYMENT_TARGET = 14.5;
				MTL_ENABLE_DEBUG_INFO = INCLUDE_SOURCE;
				MTL_FAST_MATH = YES;
				ONLY_ACTIVE_ARCH = YES;
				SDKROOT = iphoneos;
				SWIFT_ACTIVE_COMPILATION_CONDITIONS = DEBUG;
				SWIFT_OPTIMIZATION_LEVEL = "-Onone";
			};
			name = Debug;
		};
		6159AB9E281CDA7700E745CE /* Release */ = {
			isa = XCBuildConfiguration;
			buildSettings = {
				ALWAYS_SEARCH_USER_PATHS = NO;
				CLANG_ANALYZER_NONNULL = YES;
				CLANG_ANALYZER_NUMBER_OBJECT_CONVERSION = YES_AGGRESSIVE;
				CLANG_CXX_LANGUAGE_STANDARD = "gnu++14";
				CLANG_CXX_LIBRARY = "libc++";
				CLANG_ENABLE_MODULES = YES;
				CLANG_ENABLE_OBJC_ARC = YES;
				CLANG_ENABLE_OBJC_WEAK = YES;
				CLANG_WARN_BLOCK_CAPTURE_AUTORELEASING = YES;
				CLANG_WARN_BOOL_CONVERSION = YES;
				CLANG_WARN_COMMA = YES;
				CLANG_WARN_CONSTANT_CONVERSION = YES;
				CLANG_WARN_DEPRECATED_OBJC_IMPLEMENTATIONS = YES;
				CLANG_WARN_DIRECT_OBJC_ISA_USAGE = YES_ERROR;
				CLANG_WARN_DOCUMENTATION_COMMENTS = YES;
				CLANG_WARN_EMPTY_BODY = YES;
				CLANG_WARN_ENUM_CONVERSION = YES;
				CLANG_WARN_INFINITE_RECURSION = YES;
				CLANG_WARN_INT_CONVERSION = YES;
				CLANG_WARN_NON_LITERAL_NULL_CONVERSION = YES;
				CLANG_WARN_OBJC_IMPLICIT_RETAIN_SELF = YES;
				CLANG_WARN_OBJC_LITERAL_CONVERSION = YES;
				CLANG_WARN_OBJC_ROOT_CLASS = YES_ERROR;
				CLANG_WARN_QUOTED_INCLUDE_IN_FRAMEWORK_HEADER = YES;
				CLANG_WARN_RANGE_LOOP_ANALYSIS = YES;
				CLANG_WARN_STRICT_PROTOTYPES = YES;
				CLANG_WARN_SUSPICIOUS_MOVE = YES;
				CLANG_WARN_UNGUARDED_AVAILABILITY = YES_AGGRESSIVE;
				CLANG_WARN_UNREACHABLE_CODE = YES;
				CLANG_WARN__DUPLICATE_METHOD_MATCH = YES;
				COPY_PHASE_STRIP = NO;
				DEBUG_INFORMATION_FORMAT = "dwarf-with-dsym";
				ENABLE_NS_ASSERTIONS = NO;
				ENABLE_STRICT_OBJC_MSGSEND = YES;
				GCC_C_LANGUAGE_STANDARD = gnu11;
				GCC_NO_COMMON_BLOCKS = YES;
				GCC_WARN_64_TO_32_BIT_CONVERSION = YES;
				GCC_WARN_ABOUT_RETURN_TYPE = YES_ERROR;
				GCC_WARN_UNDECLARED_SELECTOR = YES;
				GCC_WARN_UNINITIALIZED_AUTOS = YES_AGGRESSIVE;
				GCC_WARN_UNUSED_FUNCTION = YES;
				GCC_WARN_UNUSED_VARIABLE = YES;
				IPHONEOS_DEPLOYMENT_TARGET = 14.5;
				MTL_ENABLE_DEBUG_INFO = NO;
				MTL_FAST_MATH = YES;
				SDKROOT = iphoneos;
				SWIFT_COMPILATION_MODE = wholemodule;
				SWIFT_OPTIMIZATION_LEVEL = "-O";
				VALIDATE_PRODUCT = YES;
			};
			name = Release;
		};
		6159ABA0281CDA7700E745CE /* Debug */ = {
			isa = XCBuildConfiguration;
			buildSettings = {
				ASSETCATALOG_COMPILER_APPICON_NAME = AppIcon;
				ASSETCATALOG_COMPILER_GLOBAL_ACCENT_COLOR_NAME = AccentColor;
				CODE_SIGN_STYLE = Automatic;
				DEVELOPMENT_TEAM = J3AZ7Q2W95;
				INFOPLIST_FILE = "Menu App/Info.plist";
				LD_RUNPATH_SEARCH_PATHS = (
					"$(inherited)",
					"@executable_path/Frameworks",
				);
				PRODUCT_BUNDLE_IDENTIFIER = "com.doda.Menu-App";
				PRODUCT_NAME = "$(TARGET_NAME)";
				SWIFT_VERSION = 5.0;
				TARGETED_DEVICE_FAMILY = "1,2";
			};
			name = Debug;
		};
		6159ABA1281CDA7700E745CE /* Release */ = {
			isa = XCBuildConfiguration;
			buildSettings = {
				ASSETCATALOG_COMPILER_APPICON_NAME = AppIcon;
				ASSETCATALOG_COMPILER_GLOBAL_ACCENT_COLOR_NAME = AccentColor;
				CODE_SIGN_STYLE = Automatic;
				DEVELOPMENT_TEAM = J3AZ7Q2W95;
				INFOPLIST_FILE = "Menu App/Info.plist";
				LD_RUNPATH_SEARCH_PATHS = (
					"$(inherited)",
					"@executable_path/Frameworks",
				);
				PRODUCT_BUNDLE_IDENTIFIER = "com.doda.Menu-App";
				PRODUCT_NAME = "$(TARGET_NAME)";
				SWIFT_VERSION = 5.0;
				TARGETED_DEVICE_FAMILY = "1,2";
			};
			name = Release;
		};
/* End XCBuildConfiguration section */

/* Begin XCConfigurationList section */
		6159AB83281CDA7500E745CE /* Build configuration list for PBXProject "Menu App" */ = {
			isa = XCConfigurationList;
			buildConfigurations = (
				6159AB9D281CDA7700E745CE /* Debug */,
				6159AB9E281CDA7700E745CE /* Release */,
			);
			defaultConfigurationIsVisible = 0;
			defaultConfigurationName = Release;
		};
		6159AB9F281CDA7700E745CE /* Build configuration list for PBXNativeTarget "Menu App" */ = {
			isa = XCConfigurationList;
			buildConfigurations = (
				6159ABA0281CDA7700E745CE /* Debug */,
				6159ABA1281CDA7700E745CE /* Release */,
			);
			defaultConfigurationIsVisible = 0;
			defaultConfigurationName = Release;
		};
/* End XCConfigurationList section */

/* Begin XCVersionGroup section */
		6159AB94281CDA7500E745CE /* Menu_App.xcdatamodeld */ = {
			isa = XCVersionGroup;
			children = (
				6159AB95281CDA7500E745CE /* Menu_App.xcdatamodel */,
			);
			currentVersion = 6159AB95281CDA7500E745CE /* Menu_App.xcdatamodel */;
			path = Menu_App.xcdatamodeld;
			sourceTree = "<group>";
			versionGroupType = wrapper.xcdatamodel;
		};
/* End XCVersionGroup section */
	};
	rootObject = 6159AB80281CDA7500E745CE /* Project object */;
}
